
Microsoft Visual Studio Solution File, Format Version 12.00
# Visual Studio Version 17
VisualStudioVersion = 17.9.34902.65
MinimumVisualStudioVersion = 10.0.40219.1
Project("{FAE04EC0-301F-11D3-BF4B-00C04F79EFBC}") = "Snake", "Snake\Snake.csproj", "{15576B5E-7F9A-4546-8A06-ACF42BB3C31B}"
EndProject
Global
	GlobalSection(SolutionConfigurationPlatforms) = preSolution
		Debug|Any CPU = Debug|Any CPU
		Release|Any CPU = Release|Any CPU
	EndGlobalSection
	GlobalSection(ProjectConfigurationPlatforms) = postSolution
		{15576B5E-7F9A-4546-8A06-ACF42BB3C31B}.Debug|Any CPU.ActiveCfg = Debug|Any CPU
		{15576B5E-7F9A-4546-8A06-ACF42BB3C31B}.Debug|Any CPU.Build.0 = Debug|Any CPU
		{15576B5E-7F9A-4546-8A06-ACF42BB3C31B}.Release|Any CPU.ActiveCfg = Release|Any CPU
		{15576B5E-7F9A-4546-8A06-ACF42BB3C31B}.Release|Any CPU.Build.0 = Release|Any CPU
	EndGlobalSection
	GlobalSection(SolutionProperties) = preSolution
		HideSolutionNode = FALSE
	EndGlobalSection
	GlobalSection(ExtensibilityGlobals) = postSolution
		SolutionGuid = {32416F45-DFB2-4D42-BDFF-6BDD19AA94A4}
	EndGlobalSection
EndGlobal
